// !$*UTF8*$!
{
	archiveVersion = 1;
	classes = {
	};
	objectVersion = 77;
	objects = {

/* Begin PBXContainerItemProxy section */
		11CE45922DDCAD4B00C8659A /* PBXContainerItemProxy */ = {
			isa = PBXContainerItemProxy;
			containerPortal = 11CE45792DDCAD4A00C8659A /* Project object */;
			proxyType = 1;
			remoteGlobalIDString = 11CE45802DDCAD4A00C8659A;
			remoteInfo = SnapYesterday;
		};
		11CE459C2DDCAD4B00C8659A /* PBXContainerItemProxy */ = {
			isa = PBXContainerItemProxy;
			containerPortal = 11CE45792DDCAD4A00C8659A /* Project object */;
			proxyType = 1;
			remoteGlobalIDString = 11CE45802DDCAD4A00C8659A;
			remoteInfo = SnapYesterday;
		};
/* End PBXContainerItemProxy section */

/* Begin PBXFileReference section */
		11CE45812DDCAD4A00C8659A /* SnapYesterday.app */ = {isa = PBXFileReference; explicitFileType = wrapper.application; includeInIndex = 0; path = SnapYesterday.app; sourceTree = BUILT_PRODUCTS_DIR; };
		11CE45912DDCAD4B00C8659A /* SnapYesterdayTests.xctest */ = {isa = PBXFileReference; explicitFileType = wrapper.cfbundle; includeInIndex = 0; path = SnapYesterdayTests.xctest; sourceTree = BUILT_PRODUCTS_DIR; };
		11CE459B2DDCAD4B00C8659A /* SnapYesterdayUITests.xctest */ = {isa = PBXFileReference; explicitFileType = wrapper.cfbundle; includeInIndex = 0; path = SnapYesterdayUITests.xctest; sourceTree = BUILT_PRODUCTS_DIR; };
/* End PBXFileReference section */

/* Begin PBXFileSystemSynchronizedRootGroup section */
		11CE45832DDCAD4A00C8659A /* SnapYesterday */ = {
			isa = PBXFileSystemSynchronizedRootGroup;
			path = SnapYesterday;
			sourceTree = "<group>";
		};
		11CE45942DDCAD4B00C8659A /* SnapYesterdayTests */ = {
			isa = PBXFileSystemSynchronizedRootGroup;
			path = SnapYesterdayTests;
			sourceTree = "<group>";
		};
		11CE459E2DDCAD4B00C8659A /* SnapYesterdayUITests */ = {
			isa = PBXFileSystemSynchronizedRootGroup;
			path = SnapYesterdayUITests;
			sourceTree = "<group>";
		};
/* End PBXFileSystemSynchronizedRootGroup section */

/* Begin PBXFrameworksBuildPhase section */
		11CE457E2DDCAD4A00C8659A /* Frameworks */ = {
			isa = PBXFrameworksBuildPhase;
			buildActionMask = 2147483647;
			files = (
			);
			runOnlyForDeploymentPostprocessing = 0;
		};
		11CE458E2DDCAD4B00C8659A /* Frameworks */ = {
			isa = PBXFrameworksBuildPhase;
			buildActionMask = 2147483647;
			files = (
			);
			runOnlyForDeploymentPostprocessing = 0;
		};
		11CE45982DDCAD4B00C8659A /* Frameworks */ = {
			isa = PBXFrameworksBuildPhase;
			buildActionMask = 2147483647;
			files = (
			);
			runOnlyForDeploymentPostprocessing = 0;
		};
/* End PBXFrameworksBuildPhase section */

/* Begin PBXGroup section */
		11CE45782DDCAD4A00C8659A = {
			isa = PBXGroup;
			children = (
				11CE45832DDCAD4A00C8659A /* SnapYesterday */,
				11CE45942DDCAD4B00C8659A /* SnapYesterdayTests */,
				11CE459E2DDCAD4B00C8659A /* SnapYesterdayUITests */,
				11CE45822DDCAD4A00C8659A /* Products */,
			);
			sourceTree = "<group>";
		};
		11CE45822DDCAD4A00C8659A /* Products */ = {
			isa = PBXGroup;
			children = (
				11CE45812DDCAD4A00C8659A /* SnapYesterday.app */,
				11CE45912DDCAD4B00C8659A /* SnapYesterdayTests.xctest */,
				11CE459B2DDCAD4B00C8659A /* SnapYesterdayUITests.xctest */,
			);
			name = Products;
			sourceTree = "<group>";
		};
/* End PBXGroup section */

/* Begin PBXNativeTarget section */
		11CE45802DDCAD4A00C8659A /* SnapYesterday */ = {
			isa = PBXNativeTarget;
			buildConfigurationList = 11CE45A52DDCAD4B00C8659A /* Build configuration list for PBXNativeTarget "SnapYesterday" */;
			buildPhases = (
				11CE457D2DDCAD4A00C8659A /* Sources */,
				11CE457E2DDCAD4A00C8659A /* Frameworks */,
				11CE457F2DDCAD4A00C8659A /* Resources */,
			);
			buildRules = (
			);
			dependencies = (
			);
			fileSystemSynchronizedGroups = (
				11CE45832DDCAD4A00C8659A /* SnapYesterday */,
			);
			name = SnapYesterday;
			packageProductDependencies = (
			);
			productName = SnapYesterday;
			productReference = 11CE45812DDCAD4A00C8659A /* SnapYesterday.app */;
			productType = "com.apple.product-type.application";
		};
		11CE45902DDCAD4B00C8659A /* SnapYesterdayTests */ = {
			isa = PBXNativeTarget;
			buildConfigurationList = 11CE45A82DDCAD4B00C8659A /* Build configuration list for PBXNativeTarget "SnapYesterdayTests" */;
			buildPhases = (
				11CE458D2DDCAD4B00C8659A /* Sources */,
				11CE458E2DDCAD4B00C8659A /* Frameworks */,
				11CE458F2DDCAD4B00C8659A /* Resources */,
			);
			buildRules = (
			);
			dependencies = (
				11CE45932DDCAD4B00C8659A /* PBXTargetDependency */,
			);
			fileSystemSynchronizedGroups = (
				11CE45942DDCAD4B00C8659A /* SnapYesterdayTests */,
			);
			name = SnapYesterdayTests;
			packageProductDependencies = (
			);
			productName = SnapYesterdayTests;
			productReference = 11CE45912DDCAD4B00C8659A /* SnapYesterdayTests.xctest */;
			productType = "com.apple.product-type.bundle.unit-test";
		};
		11CE459A2DDCAD4B00C8659A /* SnapYesterdayUITests */ = {
			isa = PBXNativeTarget;
			buildConfigurationList = 11CE45AB2DDCAD4B00C8659A /* Build configuration list for PBXNativeTarget "SnapYesterdayUITests" */;
			buildPhases = (
				11CE45972DDCAD4B00C8659A /* Sources */,
				11CE45982DDCAD4B00C8659A /* Frameworks */,
				11CE45992DDCAD4B00C8659A /* Resources */,
			);
			buildRules = (
			);
			dependencies = (
				11CE459D2DDCAD4B00C8659A /* PBXTargetDependency */,
			);
			fileSystemSynchronizedGroups = (
				11CE459E2DDCAD4B00C8659A /* SnapYesterdayUITests */,
			);
			name = SnapYesterdayUITests;
			packageProductDependencies = (
			);
			productName = SnapYesterdayUITests;
			productReference = 11CE459B2DDCAD4B00C8659A /* SnapYesterdayUITests.xctest */;
			productType = "com.apple.product-type.bundle.ui-testing";
		};
/* End PBXNativeTarget section */

/* Begin PBXProject section */
		11CE45792DDCAD4A00C8659A /* Project object */ = {
			isa = PBXProject;
			attributes = {
				BuildIndependentTargetsInParallel = 1;
				LastSwiftUpdateCheck = 1620;
				LastUpgradeCheck = 1620;
				TargetAttributes = {
					11CE45802DDCAD4A00C8659A = {
						CreatedOnToolsVersion = 16.2;
					};
					11CE45902DDCAD4B00C8659A = {
						CreatedOnToolsVersion = 16.2;
						TestTargetID = 11CE45802DDCAD4A00C8659A;
					};
					11CE459A2DDCAD4B00C8659A = {
						CreatedOnToolsVersion = 16.2;
						TestTargetID = 11CE45802DDCAD4A00C8659A;
					};
				};
			};
			buildConfigurationList = 11CE457C2DDCAD4A00C8659A /* Build configuration list for PBXProject "SnapYesterday" */;
			developmentRegion = en;
			hasScannedForEncodings = 0;
			knownRegions = (
				en,
				Base,
			);
			mainGroup = 11CE45782DDCAD4A00C8659A;
			minimizedProjectReferenceProxies = 1;
			preferredProjectObjectVersion = 77;
			productRefGroup = 11CE45822DDCAD4A00C8659A /* Products */;
			projectDirPath = "";
			projectRoot = "";
			targets = (
				11CE45802DDCAD4A00C8659A /* SnapYesterday */,
				11CE45902DDCAD4B00C8659A /* SnapYesterdayTests */,
				11CE459A2DDCAD4B00C8659A /* SnapYesterdayUITests */,
			);
		};
/* End PBXProject section */

/* Begin PBXResourcesBuildPhase section */
		11CE457F2DDCAD4A00C8659A /* Resources */ = {
			isa = PBXResourcesBuildPhase;
			buildActionMask = 2147483647;
			files = (
			);
			runOnlyForDeploymentPostprocessing = 0;
		};
		11CE458F2DDCAD4B00C8659A /* Resources */ = {
			isa = PBXResourcesBuildPhase;
			buildActionMask = 2147483647;
			files = (
			);
			runOnlyForDeploymentPostprocessing = 0;
		};
		11CE45992DDCAD4B00C8659A /* Resources */ = {
			isa = PBXResourcesBuildPhase;
			buildActionMask = 2147483647;
			files = (
			);
			runOnlyForDeploymentPostprocessing = 0;
		};
/* End PBXResourcesBuildPhase section */

/* Begin PBXSourcesBuildPhase section */
		11CE457D2DDCAD4A00C8659A /* Sources */ = {
			isa = PBXSourcesBuildPhase;
			buildActionMask = 2147483647;
			files = (
			);
			runOnlyForDeploymentPostprocessing = 0;
		};
		11CE458D2DDCAD4B00C8659A /* Sources */ = {
			isa = PBXSourcesBuildPhase;
			buildActionMask = 2147483647;
			files = (
			);
			runOnlyForDeploymentPostprocessing = 0;
		};
		11CE45972DDCAD4B00C8659A /* Sources */ = {
			isa = PBXSourcesBuildPhase;
			buildActionMask = 2147483647;
			files = (
			);
			runOnlyForDeploymentPostprocessing = 0;
		};
/* End PBXSourcesBuildPhase section */

/* Begin PBXTargetDependency section */
		11CE45932DDCAD4B00C8659A /* PBXTargetDependency */ = {
			isa = PBXTargetDependency;
			target = 11CE45802DDCAD4A00C8659A /* SnapYesterday */;
			targetProxy = 11CE45922DDCAD4B00C8659A /* PBXContainerItemProxy */;
		};
		11CE459D2DDCAD4B00C8659A /* PBXTargetDependency */ = {
			isa = PBXTargetDependency;
			target = 11CE45802DDCAD4A00C8659A /* SnapYesterday */;
			targetProxy = 11CE459C2DDCAD4B00C8659A /* PBXContainerItemProxy */;
		};
/* End PBXTargetDependency section */

/* Begin XCBuildConfiguration section */
		11CE45A32DDCAD4B00C8659A /* Debug */ = {
			isa = XCBuildConfiguration;
			buildSettings = {
				ALWAYS_SEARCH_USER_PATHS = NO;
				ASSETCATALOG_COMPILER_GENERATE_SWIFT_ASSET_SYMBOL_EXTENSIONS = YES;
				CLANG_ANALYZER_NONNULL = YES;
				CLANG_ANALYZER_NUMBER_OBJECT_CONVERSION = YES_AGGRESSIVE;
				CLANG_CXX_LANGUAGE_STANDARD = "gnu++20";
				CLANG_ENABLE_MODULES = YES;
				CLANG_ENABLE_OBJC_ARC = YES;
				CLANG_ENABLE_OBJC_WEAK = YES;
				CLANG_WARN_BLOCK_CAPTURE_AUTORELEASING = YES;
				CLANG_WARN_BOOL_CONVERSION = YES;
				CLANG_WARN_COMMA = YES;
				CLANG_WARN_CONSTANT_CONVERSION = YES;
				CLANG_WARN_DEPRECATED_OBJC_IMPLEMENTATIONS = YES;
				CLANG_WARN_DIRECT_OBJC_ISA_USAGE = YES_ERROR;
				CLANG_WARN_DOCUMENTATION_COMMENTS = YES;
				CLANG_WARN_EMPTY_BODY = YES;
				CLANG_WARN_ENUM_CONVERSION = YES;
				CLANG_WARN_INFINITE_RECURSION = YES;
				CLANG_WARN_INT_CONVERSION = YES;
				CLANG_WARN_NON_LITERAL_NULL_CONVERSION = YES;
				CLANG_WARN_OBJC_IMPLICIT_RETAIN_SELF = YES;
				CLANG_WARN_OBJC_LITERAL_CONVERSION = YES;
				CLANG_WARN_OBJC_ROOT_CLASS = YES_ERROR;
				CLANG_WARN_QUOTED_INCLUDE_IN_FRAMEWORK_HEADER = YES;
				CLANG_WARN_RANGE_LOOP_ANALYSIS = YES;
				CLANG_WARN_STRICT_PROTOTYPES = YES;
				CLANG_WARN_SUSPICIOUS_MOVE = YES;
				CLANG_WARN_UNGUARDED_AVAILABILITY = YES_AGGRESSIVE;
				CLANG_WARN_UNREACHABLE_CODE = YES;
				CLANG_WARN__DUPLICATE_METHOD_MATCH = YES;
				COPY_PHASE_STRIP = NO;
				DEBUG_INFORMATION_FORMAT = dwarf;
				ENABLE_STRICT_OBJC_MSGSEND = YES;
				ENABLE_TESTABILITY = YES;
				ENABLE_USER_SCRIPT_SANDBOXING = YES;
				GCC_C_LANGUAGE_STANDARD = gnu17;
				GCC_DYNAMIC_NO_PIC = NO;
				GCC_NO_COMMON_BLOCKS = YES;
				GCC_OPTIMIZATION_LEVEL = 0;
				GCC_PREPROCESSOR_DEFINITIONS = (
					"DEBUG=1",
					"$(inherited)",
				);
				GCC_WARN_64_TO_32_BIT_CONVERSION = YES;
				GCC_WARN_ABOUT_RETURN_TYPE = YES_ERROR;
				GCC_WARN_UNDECLARED_SELECTOR = YES;
				GCC_WARN_UNINITIALIZED_AUTOS = YES_AGGRESSIVE;
				GCC_WARN_UNUSED_FUNCTION = YES;
				GCC_WARN_UNUSED_VARIABLE = YES;
				IPHONEOS_DEPLOYMENT_TARGET = 18.2;
				LOCALIZATION_PREFERS_STRING_CATALOGS = YES;
				MTL_ENABLE_DEBUG_INFO = INCLUDE_SOURCE;
				MTL_FAST_MATH = YES;
				ONLY_ACTIVE_ARCH = YES;
				SDKROOT = iphoneos;
				SWIFT_ACTIVE_COMPILATION_CONDITIONS = "DEBUG $(inherited)";
				SWIFT_OPTIMIZATION_LEVEL = "-Onone";
			};
			name = Debug;
		};
		11CE45A42DDCAD4B00C8659A /* Release */ = {
			isa = XCBuildConfiguration;
			buildSettings = {
				ALWAYS_SEARCH_USER_PATHS = NO;
				ASSETCATALOG_COMPILER_GENERATE_SWIFT_ASSET_SYMBOL_EXTENSIONS = YES;
				CLANG_ANALYZER_NONNULL = YES;
				CLANG_ANALYZER_NUMBER_OBJECT_CONVERSION = YES_AGGRESSIVE;
				CLANG_CXX_LANGUAGE_STANDARD = "gnu++20";
				CLANG_ENABLE_MODULES = YES;
				CLANG_ENABLE_OBJC_ARC = YES;
				CLANG_ENABLE_OBJC_WEAK = YES;
				CLANG_WARN_BLOCK_CAPTURE_AUTORELEASING = YES;
				CLANG_WARN_BOOL_CONVERSION = YES;
				CLANG_WARN_COMMA = YES;
				CLANG_WARN_CONSTANT_CONVERSION = YES;
				CLANG_WARN_DEPRECATED_OBJC_IMPLEMENTATIONS = YES;
				CLANG_WARN_DIRECT_OBJC_ISA_USAGE = YES_ERROR;
				CLANG_WARN_DOCUMENTATION_COMMENTS = YES;
				CLANG_WARN_EMPTY_BODY = YES;
				CLANG_WARN_ENUM_CONVERSION = YES;
				CLANG_WARN_INFINITE_RECURSION = YES;
				CLANG_WARN_INT_CONVERSION = YES;
				CLANG_WARN_NON_LITERAL_NULL_CONVERSION = YES;
				CLANG_WARN_OBJC_IMPLICIT_RETAIN_SELF = YES;
				CLANG_WARN_OBJC_LITERAL_CONVERSION = YES;
				CLANG_WARN_OBJC_ROOT_CLASS = YES_ERROR;
				CLANG_WARN_QUOTED_INCLUDE_IN_FRAMEWORK_HEADER = YES;
				CLANG_WARN_RANGE_LOOP_ANALYSIS = YES;
				CLANG_WARN_STRICT_PROTOTYPES = YES;
				CLANG_WARN_SUSPICIOUS_MOVE = YES;
				CLANG_WARN_UNGUARDED_AVAILABILITY = YES_AGGRESSIVE;
				CLANG_WARN_UNREACHABLE_CODE = YES;
				CLANG_WARN__DUPLICATE_METHOD_MATCH = YES;
				COPY_PHASE_STRIP = NO;
				DEBUG_INFORMATION_FORMAT = "dwarf-with-dsym";
				ENABLE_NS_ASSERTIONS = NO;
				ENABLE_STRICT_OBJC_MSGSEND = YES;
				ENABLE_USER_SCRIPT_SANDBOXING = YES;
				GCC_C_LANGUAGE_STANDARD = gnu17;
				GCC_NO_COMMON_BLOCKS = YES;
				GCC_WARN_64_TO_32_BIT_CONVERSION = YES;
				GCC_WARN_ABOUT_RETURN_TYPE = YES_ERROR;
				GCC_WARN_UNDECLARED_SELECTOR = YES;
				GCC_WARN_UNINITIALIZED_AUTOS = YES_AGGRESSIVE;
				GCC_WARN_UNUSED_FUNCTION = YES;
				GCC_WARN_UNUSED_VARIABLE = YES;
				IPHONEOS_DEPLOYMENT_TARGET = 18.2;
				LOCALIZATION_PREFERS_STRING_CATALOGS = YES;
				MTL_ENABLE_DEBUG_INFO = NO;
				MTL_FAST_MATH = YES;
				SDKROOT = iphoneos;
				SWIFT_COMPILATION_MODE = wholemodule;
				VALIDATE_PRODUCT = YES;
			};
			name = Release;
		};
		11CE45A62DDCAD4B00C8659A /* Debug */ = {
			isa = XCBuildConfiguration;
			buildSettings = {
				ASSETCATALOG_COMPILER_APPICON_NAME = AppIcon;
				ASSETCATALOG_COMPILER_GLOBAL_ACCENT_COLOR_NAME = AccentColor;
				CODE_SIGN_STYLE = Automatic;
				CURRENT_PROJECT_VERSION = 1;
				DEVELOPMENT_ASSET_PATHS = "\"SnapYesterday/Preview Content\"";
				DEVELOPMENT_TEAM = 4KCT9455S7;
				ENABLE_PREVIEWS = YES;
				GENERATE_INFOPLIST_FILE = YES;
				INFOPLIST_KEY_UIApplicationSceneManifest_Generation = YES;
				INFOPLIST_KEY_UIApplicationSupportsIndirectInputEvents = YES;
				INFOPLIST_KEY_UILaunchScreen_Generation = YES;
				INFOPLIST_KEY_UISupportedInterfaceOrientations_iPad = "UIInterfaceOrientationPortrait UIInterfaceOrientationPortraitUpsideDown UIInterfaceOrientationLandscapeLeft UIInterfaceOrientationLandscapeRight";
				INFOPLIST_KEY_UISupportedInterfaceOrientations_iPhone = "UIInterfaceOrientationPortrait UIInterfaceOrientationLandscapeLeft UIInterfaceOrientationLandscapeRight";
				LD_RUNPATH_SEARCH_PATHS = (
					"$(inherited)",
					"@executable_path/Frameworks",
				);
				MARKETING_VERSION = 1.0;
				PRODUCT_BUNDLE_IDENTIFIER = com.lifelper.SnapYesterday;
				PRODUCT_NAME = "$(TARGET_NAME)";
				SWIFT_EMIT_LOC_STRINGS = YES;
				SWIFT_VERSION = 5.0;
				TARGETED_DEVICE_FAMILY = "1,2";
			};
			name = Debug;
		};
		11CE45A72DDCAD4B00C8659A /* Release */ = {
			isa = XCBuildConfiguration;
			buildSettings = {
				ASSETCATALOG_COMPILER_APPICON_NAME = AppIcon;
				ASSETCATALOG_COMPILER_GLOBAL_ACCENT_COLOR_NAME = AccentColor;
				CODE_SIGN_STYLE = Automatic;
				CURRENT_PROJECT_VERSION = 1;
				DEVELOPMENT_ASSET_PATHS = "\"SnapYesterday/Preview Content\"";
				DEVELOPMENT_TEAM = 4KCT9455S7;
				ENABLE_PREVIEWS = YES;
				GENERATE_INFOPLIST_FILE = YES;
				INFOPLIST_KEY_UIApplicationSceneManifest_Generation = YES;
				INFOPLIST_KEY_UIApplicationSupportsIndirectInputEvents = YES;
				INFOPLIST_KEY_UILaunchScreen_Generation = YES;
				INFOPLIST_KEY_UISupportedInterfaceOrientations_iPad = "UIInterfaceOrientationPortrait UIInterfaceOrientationPortraitUpsideDown UIInterfaceOrientationLandscapeLeft UIInterfaceOrientationLandscapeRight";
				INFOPLIST_KEY_UISupportedInterfaceOrientations_iPhone = "UIInterfaceOrientationPortrait UIInterfaceOrientationLandscapeLeft UIInterfaceOrientationLandscapeRight";
				LD_RUNPATH_SEARCH_PATHS = (
					"$(inherited)",
					"@executable_path/Frameworks",
				);
				MARKETING_VERSION = 1.0;
				PRODUCT_BUNDLE_IDENTIFIER = com.lifelper.SnapYesterday;
				PRODUCT_NAME = "$(TARGET_NAME)";
				SWIFT_EMIT_LOC_STRINGS = YES;
				SWIFT_VERSION = 5.0;
				TARGETED_DEVICE_FAMILY = "1,2";
			};
			name = Release;
		};
		11CE45A92DDCAD4B00C8659A /* Debug */ = {
			isa = XCBuildConfiguration;
			buildSettings = {
				BUNDLE_LOADER = "$(TEST_HOST)";
				CODE_SIGN_STYLE = Automatic;
				CURRENT_PROJECT_VERSION = 1;
				DEVELOPMENT_TEAM = 4KCT9455S7;
				GENERATE_INFOPLIST_FILE = YES;
				IPHONEOS_DEPLOYMENT_TARGET = 18.2;
				MARKETING_VERSION = 1.0;
				PRODUCT_BUNDLE_IDENTIFIER = com.lifelper.SnapYesterdayTests;
				PRODUCT_NAME = "$(TARGET_NAME)";
				SWIFT_EMIT_LOC_STRINGS = NO;
				SWIFT_VERSION = 5.0;
				TARGETED_DEVICE_FAMILY = "1,2";
				TEST_HOST = "$(BUILT_PRODUCTS_DIR)/SnapYesterday.app/$(BUNDLE_EXECUTABLE_FOLDER_PATH)/SnapYesterday";
			};
			name = Debug;
		};
		11CE45AA2DDCAD4B00C8659A /* Release */ = {
			isa = XCBuildConfiguration;
			buildSettings = {
				BUNDLE_LOADER = "$(TEST_HOST)";
				CODE_SIGN_STYLE = Automatic;
				CURRENT_PROJECT_VERSION = 1;
				DEVELOPMENT_TEAM = 4KCT9455S7;
				GENERATE_INFOPLIST_FILE = YES;
				IPHONEOS_DEPLOYMENT_TARGET = 18.2;
				MARKETING_VERSION = 1.0;
				PRODUCT_BUNDLE_IDENTIFIER = com.lifelper.SnapYesterdayTests;
				PRODUCT_NAME = "$(TARGET_NAME)";
				SWIFT_EMIT_LOC_STRINGS = NO;
				SWIFT_VERSION = 5.0;
				TARGETED_DEVICE_FAMILY = "1,2";
				TEST_HOST = "$(BUILT_PRODUCTS_DIR)/SnapYesterday.app/$(BUNDLE_EXECUTABLE_FOLDER_PATH)/SnapYesterday";
			};
			name = Release;
		};
		11CE45AC2DDCAD4B00C8659A /* Debug */ = {
			isa = XCBuildConfiguration;
			buildSettings = {
				CODE_SIGN_STYLE = Automatic;
				CURRENT_PROJECT_VERSION = 1;
				DEVELOPMENT_TEAM = 4KCT9455S7;
				GENERATE_INFOPLIST_FILE = YES;
				MARKETING_VERSION = 1.0;
				PRODUCT_BUNDLE_IDENTIFIER = com.lifelper.SnapYesterdayUITests;
				PRODUCT_NAME = "$(TARGET_NAME)";
				SWIFT_EMIT_LOC_STRINGS = NO;
				SWIFT_VERSION = 5.0;
				TARGETED_DEVICE_FAMILY = "1,2";
				TEST_TARGET_NAME = SnapYesterday;
			};
			name = Debug;
		};
		11CE45AD2DDCAD4B00C8659A /* Release */ = {
			isa = XCBuildConfiguration;
			buildSettings = {
				CODE_SIGN_STYLE = Automatic;
				CURRENT_PROJECT_VERSION = 1;
				DEVELOPMENT_TEAM = 4KCT9455S7;
				GENERATE_INFOPLIST_FILE = YES;
				MARKETING_VERSION = 1.0;
				PRODUCT_BUNDLE_IDENTIFIER = com.lifelper.SnapYesterdayUITests;
				PRODUCT_NAME = "$(TARGET_NAME)";
				SWIFT_EMIT_LOC_STRINGS = NO;
				SWIFT_VERSION = 5.0;
				TARGETED_DEVICE_FAMILY = "1,2";
				TEST_TARGET_NAME = SnapYesterday;
			};
			name = Release;
		};
/* End XCBuildConfiguration section */

/* Begin XCConfigurationList section */
		11CE457C2DDCAD4A00C8659A /* Build configuration list for PBXProject "SnapYesterday" */ = {
			isa = XCConfigurationList;
			buildConfigurations = (
				11CE45A32DDCAD4B00C8659A /* Debug */,
				11CE45A42DDCAD4B00C8659A /* Release */,
			);
			defaultConfigurationIsVisible = 0;
			defaultConfigurationName = Release;
		};
		11CE45A52DDCAD4B00C8659A /* Build configuration list for PBXNativeTarget "SnapYesterday" */ = {
			isa = XCConfigurationList;
			buildConfigurations = (
				11CE45A62DDCAD4B00C8659A /* Debug */,
				11CE45A72DDCAD4B00C8659A /* Release */,
			);
			defaultConfigurationIsVisible = 0;
			defaultConfigurationName = Release;
		};
		11CE45A82DDCAD4B00C8659A /* Build configuration list for PBXNativeTarget "SnapYesterdayTests" */ = {
			isa = XCConfigurationList;
			buildConfigurations = (
				11CE45A92DDCAD4B00C8659A /* Debug */,
				11CE45AA2DDCAD4B00C8659A /* Release */,
			);
			defaultConfigurationIsVisible = 0;
			defaultConfigurationName = Release;
		};
		11CE45AB2DDCAD4B00C8659A /* Build configuration list for PBXNativeTarget "SnapYesterdayUITests" */ = {
			isa = XCConfigurationList;
			buildConfigurations = (
				11CE45AC2DDCAD4B00C8659A /* Debug */,
				11CE45AD2DDCAD4B00C8659A /* Release */,
			);
			defaultConfigurationIsVisible = 0;
			defaultConfigurationName = Release;
		};
/* End XCConfigurationList section */
	};
	rootObject = 11CE45792DDCAD4A00C8659A /* Project object */;
}
